
Microsoft Visual Studio Solution File, Format Version 12.00
# Visual Studio Version 16
VisualStudioVersion = 16.0.32413.511
MinimumVisualStudioVersion = 10.0.40219.1
Project("{8BC9CEB8-8B4A-11D0-8D11-00A0C91BC942}") = "12-05-22_zap431_Punteros", "12-05-22_zap431_Punteros.vcxproj", "{0ABB5478-940D-4F49-9201-CFB2420BA8E3}"
EndProject
Global
	GlobalSection(SolutionConfigurationPlatforms) = preSolution
		Debug|x64 = Debug|x64
		Debug|x86 = Debug|x86
		Release|x64 = Release|x64
		Release|x86 = Release|x86
	EndGlobalSection
	GlobalSection(ProjectConfigurationPlatforms) = postSolution
		{0ABB5478-940D-4F49-9201-CFB2420BA8E3}.Debug|x64.ActiveCfg = Debug|x64
		{0ABB5478-940D-4F49-9201-CFB2420BA8E3}.Debug|x64.Build.0 = Debug|x64
		{0ABB5478-940D-4F49-9201-CFB2420BA8E3}.Debug|x86.ActiveCfg = Debug|Win32
		{0ABB5478-940D-4F49-9201-CFB2420BA8E3}.Debug|x86.Build.0 = Debug|Win32
		{0ABB5478-940D-4F49-9201-CFB2420BA8E3}.Release|x64.ActiveCfg = Release|x64
		{0ABB5478-940D-4F49-9201-CFB2420BA8E3}.Release|x64.Build.0 = Release|x64
		{0ABB5478-940D-4F49-9201-CFB2420BA8E3}.Release|x86.ActiveCfg = Release|Win32
		{0ABB5478-940D-4F49-9201-CFB2420BA8E3}.Release|x86.Build.0 = Release|Win32
	EndGlobalSection
	GlobalSection(SolutionProperties) = preSolution
		HideSolutionNode = FALSE
	EndGlobalSection
	GlobalSection(ExtensibilityGlobals) = postSolution
		SolutionGuid = {A81984C9-C28C-41D2-9A4F-00FD9F55214C}
	EndGlobalSection
EndGlobal
